
Microsoft Visual Studio Solution File, Format Version 12.00
# Visual Studio Version 17
VisualStudioVersion = 17.1.32210.238
MinimumVisualStudioVersion = 10.0.40219.1
Project("{9A19103F-16F7-4668-BE54-9A1E7A4F7556}") = "cryptoapi", "cryptoapi.csproj", "{E4526AB0-DC6F-4D01-BF9E-8DF50E53D621}"
EndProject
Global
	GlobalSection(SolutionConfigurationPlatforms) = preSolution
		Debug|Any CPU = Debug|Any CPU
		Release|Any CPU = Release|Any CPU
	EndGlobalSection
	GlobalSection(ProjectConfigurationPlatforms) = postSolution
		{E4526AB0-DC6F-4D01-BF9E-8DF50E53D621}.Debug|Any CPU.ActiveCfg = Debug|Any CPU
		{E4526AB0-DC6F-4D01-BF9E-8DF50E53D621}.Debug|Any CPU.Build.0 = Debug|Any CPU
		{E4526AB0-DC6F-4D01-BF9E-8DF50E53D621}.Release|Any CPU.ActiveCfg = Release|Any CPU
		{E4526AB0-DC6F-4D01-BF9E-8DF50E53D621}.Release|Any CPU.Build.0 = Release|Any CPU
	EndGlobalSection
	GlobalSection(SolutionProperties) = preSolution
		HideSolutionNode = FALSE
	EndGlobalSection
	GlobalSection(ExtensibilityGlobals) = postSolution
		SolutionGuid = {7B3E7E67-87A4-4D42-BF23-6DC234214E11}
	EndGlobalSection
EndGlobal
